
Microsoft Visual Studio Solution File, Format Version 12.00
# Visual Studio 15
VisualStudioVersion = 15.0.28307.1300
MinimumVisualStudioVersion = 10.0.40219.1
Project("{FAE04EC0-301F-11D3-BF4B-00C04F79EFBC}") = "BullsAndCowsApp", "BullsAndCowsApp\BullsAndCowsApp.csproj", "{8717F350-6446-4969-9CF3-DF90D025ABD2}"
EndProject
Global
	GlobalSection(SolutionConfigurationPlatforms) = preSolution
		Debug|Any CPU = Debug|Any CPU
		Release|Any CPU = Release|Any CPU
	EndGlobalSection
	GlobalSection(ProjectConfigurationPlatforms) = postSolution
		{8717F350-6446-4969-9CF3-DF90D025ABD2}.Debug|Any CPU.ActiveCfg = Debug|Any CPU
		{8717F350-6446-4969-9CF3-DF90D025ABD2}.Debug|Any CPU.Build.0 = Debug|Any CPU
		{8717F350-6446-4969-9CF3-DF90D025ABD2}.Release|Any CPU.ActiveCfg = Release|Any CPU
		{8717F350-6446-4969-9CF3-DF90D025ABD2}.Release|Any CPU.Build.0 = Release|Any CPU
	EndGlobalSection
	GlobalSection(SolutionProperties) = preSolution
		HideSolutionNode = FALSE
	EndGlobalSection
	GlobalSection(ExtensibilityGlobals) = postSolution
		SolutionGuid = {86AA05FF-1E76-4D49-B810-9DF765BDDB98}
	EndGlobalSection
	GlobalSection(TeamFoundationVersionControl) = preSolution
		SccNumberOfProjects = 2
		SccEnterpriseProvider = {4CA58AB2-18FA-4F8D-95D4-32DDF27D184C}
		SccTeamFoundationServer = http://dev-tfs:8080/tfs/studentprojects
		SccLocalPath0 = .
		SccProjectUniqueName1 = BullsAndCowsApp\\BullsAndCowsApp.csproj
		SccProjectName1 = BullsAndCowsApp
		SccLocalPath1 = BullsAndCowsApp
	EndGlobalSection
EndGlobal
